// !$*UTF8*$!
{
	archiveVersion = 1;
	classes = {
	};
	objectVersion = 46;
	objects = {

/* Begin PBXBuildFile section */
		153EE1661B49C40B00B741EC /* main.cpp in Sources */ = {isa = PBXBuildFile; fileRef = 153EE1651B49C40B00B741EC /* main.cpp */; };
		153EE16E1B49C43700B741EC /* scheduler.tem in Sources */ = {isa = PBXBuildFile; fileRef = 153EE16C1B49C43700B741EC /* scheduler.tem */; };
		153EE1731B49D06600B741EC /* pcb.cpp in Sources */ = {isa = PBXBuildFile; fileRef = 153EE1711B49D06600B741EC /* pcb.cpp */; };
/* End PBXBuildFile section */

/* Begin PBXCopyFilesBuildPhase section */
		153EE1601B49C40B00B741EC /* CopyFiles */ = {
			isa = PBXCopyFilesBuildPhase;
			buildActionMask = 2147483647;
			dstPath = /usr/share/man/man1/;
			dstSubfolderSpec = 0;
			files = (
			);
			runOnlyForDeploymentPostprocessing = 1;
		};
/* End PBXCopyFilesBuildPhase section */

/* Begin PBXFileReference section */
		153EE1621B49C40B00B741EC /* lab2 */ = {isa = PBXFileReference; explicitFileType = "compiled.mach-o.executable"; includeInIndex = 0; path = lab2; sourceTree = BUILT_PRODUCTS_DIR; };
		153EE1651B49C40B00B741EC /* main.cpp */ = {isa = PBXFileReference; lastKnownFileType = sourcecode.cpp.cpp; path = main.cpp; sourceTree = "<group>"; };
		153EE16C1B49C43700B741EC /* scheduler.tem */ = {isa = PBXFileReference; fileEncoding = 4; lastKnownFileType = text; path = scheduler.tem; sourceTree = "<group>"; xcLanguageSpecificationIdentifier = xcode.lang.cpp; };
		153EE16D1B49C43700B741EC /* scheduler.h */ = {isa = PBXFileReference; fileEncoding = 4; lastKnownFileType = sourcecode.c.h; path = scheduler.h; sourceTree = "<group>"; };
		153EE16F1B49C46900B741EC /* darray.h */ = {isa = PBXFileReference; fileEncoding = 4; lastKnownFileType = sourcecode.c.h; path = darray.h; sourceTree = "<group>"; };
		153EE1701B49C46900B741EC /* darray.tem */ = {isa = PBXFileReference; fileEncoding = 4; lastKnownFileType = text; path = darray.tem; sourceTree = "<group>"; xcLanguageSpecificationIdentifier = xcode.lang.cpp; };
		153EE1711B49D06600B741EC /* pcb.cpp */ = {isa = PBXFileReference; fileEncoding = 4; lastKnownFileType = sourcecode.cpp.cpp; path = pcb.cpp; sourceTree = "<group>"; };
		153EE1721B49D06600B741EC /* pcb.h */ = {isa = PBXFileReference; fileEncoding = 4; lastKnownFileType = sourcecode.c.h; path = pcb.h; sourceTree = "<group>"; };
/* End PBXFileReference section */

/* Begin PBXFrameworksBuildPhase section */
		153EE15F1B49C40B00B741EC /* Frameworks */ = {
			isa = PBXFrameworksBuildPhase;
			buildActionMask = 2147483647;
			files = (
			);
			runOnlyForDeploymentPostprocessing = 0;
		};
/* End PBXFrameworksBuildPhase section */

/* Begin PBXGroup section */
		153EE1591B49C40B00B741EC = {
			isa = PBXGroup;
			children = (
				153EE1641B49C40B00B741EC /* lab2 */,
				153EE1631B49C40B00B741EC /* Products */,
			);
			sourceTree = "<group>";
		};
		153EE1631B49C40B00B741EC /* Products */ = {
			isa = PBXGroup;
			children = (
				153EE1621B49C40B00B741EC /* lab2 */,
			);
			name = Products;
			sourceTree = "<group>";
		};
		153EE1641B49C40B00B741EC /* lab2 */ = {
			isa = PBXGroup;
			children = (
				153EE1651B49C40B00B741EC /* main.cpp */,
				153EE16C1B49C43700B741EC /* scheduler.tem */,
				153EE1711B49D06600B741EC /* pcb.cpp */,
				153EE1721B49D06600B741EC /* pcb.h */,
				153EE16D1B49C43700B741EC /* scheduler.h */,
				153EE16F1B49C46900B741EC /* darray.h */,
				153EE1701B49C46900B741EC /* darray.tem */,
			);
			path = lab2;
			sourceTree = "<group>";
		};
/* End PBXGroup section */

/* Begin PBXNativeTarget section */
		153EE1611B49C40B00B741EC /* lab2 */ = {
			isa = PBXNativeTarget;
			buildConfigurationList = 153EE1691B49C40B00B741EC /* Build configuration list for PBXNativeTarget "lab2" */;
			buildPhases = (
				153EE15E1B49C40B00B741EC /* Sources */,
				153EE15F1B49C40B00B741EC /* Frameworks */,
				153EE1601B49C40B00B741EC /* CopyFiles */,
			);
			buildRules = (
			);
			dependencies = (
			);
			name = lab2;
			productName = lab2;
			productReference = 153EE1621B49C40B00B741EC /* lab2 */;
			productType = "com.apple.product-type.tool";
		};
/* End PBXNativeTarget section */

/* Begin PBXProject section */
		153EE15A1B49C40B00B741EC /* Project object */ = {
			isa = PBXProject;
			attributes = {
				LastUpgradeCheck = 0630;
				ORGANIZATIONNAME = "Robert Fitzgerald";
				TargetAttributes = {
					153EE1611B49C40B00B741EC = {
						CreatedOnToolsVersion = 6.3.2;
					};
				};
			};
			buildConfigurationList = 153EE15D1B49C40B00B741EC /* Build configuration list for PBXProject "lab2" */;
			compatibilityVersion = "Xcode 3.2";
			developmentRegion = English;
			hasScannedForEncodings = 0;
			knownRegions = (
				en,
			);
			mainGroup = 153EE1591B49C40B00B741EC;
			productRefGroup = 153EE1631B49C40B00B741EC /* Products */;
			projectDirPath = "";
			projectRoot = "";
			targets = (
				153EE1611B49C40B00B741EC /* lab2 */,
			);
		};
/* End PBXProject section */

/* Begin PBXSourcesBuildPhase section */
		153EE15E1B49C40B00B741EC /* Sources */ = {
			isa = PBXSourcesBuildPhase;
			buildActionMask = 2147483647;
			files = (
				153EE1731B49D06600B741EC /* pcb.cpp in Sources */,
				153EE1661B49C40B00B741EC /* main.cpp in Sources */,
				153EE16E1B49C43700B741EC /* scheduler.tem in Sources */,
			);
			runOnlyForDeploymentPostprocessing = 0;
		};
/* End PBXSourcesBuildPhase section */

/* Begin XCBuildConfiguration section */
		153EE1671B49C40B00B741EC /* Debug */ = {
			isa = XCBuildConfiguration;
			buildSettings = {
				ALWAYS_SEARCH_USER_PATHS = NO;
				CLANG_CXX_LANGUAGE_STANDARD = "gnu++0x";
				CLANG_CXX_LIBRARY = "libc++";
				CLANG_ENABLE_MODULES = YES;
				CLANG_ENABLE_OBJC_ARC = YES;
				CLANG_WARN_BOOL_CONVERSION = YES;
				CLANG_WARN_CONSTANT_CONVERSION = YES;
				CLANG_WARN_DIRECT_OBJC_ISA_USAGE = YES_ERROR;
				CLANG_WARN_EMPTY_BODY = YES;
				CLANG_WARN_ENUM_CONVERSION = YES;
				CLANG_WARN_INT_CONVERSION = YES;
				CLANG_WARN_OBJC_ROOT_CLASS = YES_ERROR;
				CLANG_WARN_UNREACHABLE_CODE = YES;
				CLANG_WARN__DUPLICATE_METHOD_MATCH = YES;
				COPY_PHASE_STRIP = NO;
				DEBUG_INFORMATION_FORMAT = dwarf;
				ENABLE_STRICT_OBJC_MSGSEND = YES;
				GCC_C_LANGUAGE_STANDARD = gnu99;
				GCC_DYNAMIC_NO_PIC = NO;
				GCC_NO_COMMON_BLOCKS = YES;
				GCC_OPTIMIZATION_LEVEL = 0;
				GCC_PREPROCESSOR_DEFINITIONS = (
					"DEBUG=1",
					"$(inherited)",
				);
				GCC_SYMBOLS_PRIVATE_EXTERN = NO;
				GCC_WARN_64_TO_32_BIT_CONVERSION = YES;
				GCC_WARN_ABOUT_RETURN_TYPE = YES_ERROR;
				GCC_WARN_UNDECLARED_SELECTOR = YES;
				GCC_WARN_UNINITIALIZED_AUTOS = YES_AGGRESSIVE;
				GCC_WARN_UNUSED_FUNCTION = YES;
				GCC_WARN_UNUSED_VARIABLE = YES;
				MACOSX_DEPLOYMENT_TARGET = 10.10;
				MTL_ENABLE_DEBUG_INFO = YES;
				ONLY_ACTIVE_ARCH = YES;
				SDKROOT = macosx;
			};
			name = Debug;
		};
		153EE1681B49C40B00B741EC /* Release */ = {
			isa = XCBuildConfiguration;
			buildSettings = {
				ALWAYS_SEARCH_USER_PATHS = NO;
				CLANG_CXX_LANGUAGE_STANDARD = "gnu++0x";
				CLANG_CXX_LIBRARY = "libc++";
				CLANG_ENABLE_MODULES = YES;
				CLANG_ENABLE_OBJC_ARC = YES;
				CLANG_WARN_BOOL_CONVERSION = YES;
				CLANG_WARN_CONSTANT_CONVERSION = YES;
				CLANG_WARN_DIRECT_OBJC_ISA_USAGE = YES_ERROR;
				CLANG_WARN_EMPTY_BODY = YES;
				CLANG_WARN_ENUM_CONVERSION = YES;
				CLANG_WARN_INT_CONVERSION = YES;
				CLANG_WARN_OBJC_ROOT_CLASS = YES_ERROR;
				CLANG_WARN_UNREACHABLE_CODE = YES;
				CLANG_WARN__DUPLICATE_METHOD_MATCH = YES;
				COPY_PHASE_STRIP = NO;
				DEBUG_INFORMATION_FORMAT = "dwarf-with-dsym";
				ENABLE_NS_ASSERTIONS = NO;
				ENABLE_STRICT_OBJC_MSGSEND = YES;
				GCC_C_LANGUAGE_STANDARD = gnu99;
				GCC_NO_COMMON_BLOCKS = YES;
				GCC_WARN_64_TO_32_BIT_CONVERSION = YES;
				GCC_WARN_ABOUT_RETURN_TYPE = YES_ERROR;
				GCC_WARN_UNDECLARED_SELECTOR = YES;
				GCC_WARN_UNINITIALIZED_AUTOS = YES_AGGRESSIVE;
				GCC_WARN_UNUSED_FUNCTION = YES;
				GCC_WARN_UNUSED_VARIABLE = YES;
				MACOSX_DEPLOYMENT_TARGET = 10.10;
				MTL_ENABLE_DEBUG_INFO = NO;
				SDKROOT = macosx;
			};
			name = Release;
		};
		153EE16A1B49C40B00B741EC /* Debug */ = {
			isa = XCBuildConfiguration;
			buildSettings = {
				PRODUCT_NAME = "$(TARGET_NAME)";
			};
			name = Debug;
		};
		153EE16B1B49C40B00B741EC /* Release */ = {
			isa = XCBuildConfiguration;
			buildSettings = {
				PRODUCT_NAME = "$(TARGET_NAME)";
			};
			name = Release;
		};
/* End XCBuildConfiguration section */

/* Begin XCConfigurationList section */
		153EE15D1B49C40B00B741EC /* Build configuration list for PBXProject "lab2" */ = {
			isa = XCConfigurationList;
			buildConfigurations = (
				153EE1671B49C40B00B741EC /* Debug */,
				153EE1681B49C40B00B741EC /* Release */,
			);
			defaultConfigurationIsVisible = 0;
			defaultConfigurationName = Release;
		};
		153EE1691B49C40B00B741EC /* Build configuration list for PBXNativeTarget "lab2" */ = {
			isa = XCConfigurationList;
			buildConfigurations = (
				153EE16A1B49C40B00B741EC /* Debug */,
				153EE16B1B49C40B00B741EC /* Release */,
			);
			defaultConfigurationIsVisible = 0;
		};
/* End XCConfigurationList section */
	};
	rootObject = 153EE15A1B49C40B00B741EC /* Project object */;
}
